
Microsoft Visual Studio Solution File, Format Version 12.00
# Visual Studio 15
VisualStudioVersion = 15.0.28307.705
MinimumVisualStudioVersion = 10.0.40219.1
Project("{FAE04EC0-301F-11D3-BF4B-00C04F79EFBC}") = "NUnitInconsistency", "NUnitInconsistency\NUnitInconsistency.csproj", "{AECFBC74-71DF-4DA8-B537-BB8744AC0C3F}"
EndProject
Global
	GlobalSection(SolutionConfigurationPlatforms) = preSolution
		Debug|Any CPU = Debug|Any CPU
		Release|Any CPU = Release|Any CPU
	EndGlobalSection
	GlobalSection(ProjectConfigurationPlatforms) = postSolution
		{AECFBC74-71DF-4DA8-B537-BB8744AC0C3F}.Debug|Any CPU.ActiveCfg = Debug|Any CPU
		{AECFBC74-71DF-4DA8-B537-BB8744AC0C3F}.Debug|Any CPU.Build.0 = Debug|Any CPU
		{AECFBC74-71DF-4DA8-B537-BB8744AC0C3F}.Release|Any CPU.ActiveCfg = Release|Any CPU
		{AECFBC74-71DF-4DA8-B537-BB8744AC0C3F}.Release|Any CPU.Build.0 = Release|Any CPU
	EndGlobalSection
	GlobalSection(SolutionProperties) = preSolution
		HideSolutionNode = FALSE
	EndGlobalSection
	GlobalSection(ExtensibilityGlobals) = postSolution
		SolutionGuid = {8C57F173-26E6-40A4-8657-CA1B3B4C165C}
	EndGlobalSection
EndGlobal
